{
  "name": "UTS-PAM",
  "lockfileVersion": 2,
  "requires": true,
  "packages": {
    "": {
      "dependencies": {
        "react-native-date-picker": "^4.2.0",
        "react-native-element-dropdown": "^1.8.4"
      }
    },
    "node_modules/react-native-date-picker": {
      "version": "4.2.0",
      "resolved": "https://registry.npmjs.org/react-native-date-picker/-/react-native-date-picker-4.2.0.tgz",
      "integrity": "sha512-IfbK7Eh5By8rdjiu/pvqLF8NkFX9pVsY7Vn6+MkLSiFcLIGFd7NaENRJKl75/xNZuY5CkIiRVksS9abEl/II8g=="
    },
    "node_modules/react-native-element-dropdown": {
      "version": "1.8.4",
      "resolved": "https://registry.npmjs.org/react-native-element-dropdown/-/react-native-element-dropdown-1.8.4.tgz",
      "integrity": "sha512-TbUk3s88QEvk5vrswgMOqa9OWANGBbMwvvix9drR9wyJMBpX8TcADh98ULLOJM7LhP9Fw2KGdcon3u94w+cPXA=="
    }
  },
  "dependencies": {
    "react-native-date-picker": {
      "version": "4.2.0",
      "resolved": "https://registry.npmjs.org/react-native-date-picker/-/react-native-date-picker-4.2.0.tgz",
      "integrity": "sha512-IfbK7Eh5By8rdjiu/pvqLF8NkFX9pVsY7Vn6+MkLSiFcLIGFd7NaENRJKl75/xNZuY5CkIiRVksS9abEl/II8g=="
    },
    "react-native-element-dropdown": {
      "version": "1.8.4",
      "resolved": "https://registry.npmjs.org/react-native-element-dropdown/-/react-native-element-dropdown-1.8.4.tgz",
      "integrity": "sha512-TbUk3s88QEvk5vrswgMOqa9OWANGBbMwvvix9drR9wyJMBpX8TcADh98ULLOJM7LhP9Fw2KGdcon3u94w+cPXA=="
    }
  }
}
